
Microsoft Visual Studio Solution File, Format Version 12.00
# Visual Studio Version 17
VisualStudioVersion = 17.9.34728.123
MinimumVisualStudioVersion = 10.0.40219.1
Project("{FAE04EC0-301F-11D3-BF4B-00C04F79EFBC}") = "NewsletterProvider", "NewsletterProvider\NewsletterProvider.csproj", "{C86BFD85-9329-4E17-A735-7EA3AF16E645}"
EndProject
Project("{FAE04EC0-301F-11D3-BF4B-00C04F79EFBC}") = "Infrastructure", "Infrastructure\Infrastructure.csproj", "{5EF7322D-1D85-4EEA-9D57-32D2CBAA48C4}"
EndProject
Global
	GlobalSection(SolutionConfigurationPlatforms) = preSolution
		Debug|Any CPU = Debug|Any CPU
		Release|Any CPU = Release|Any CPU
	EndGlobalSection
	GlobalSection(ProjectConfigurationPlatforms) = postSolution
		{C86BFD85-9329-4E17-A735-7EA3AF16E645}.Debug|Any CPU.ActiveCfg = Debug|Any CPU
		{C86BFD85-9329-4E17-A735-7EA3AF16E645}.Debug|Any CPU.Build.0 = Debug|Any CPU
		{C86BFD85-9329-4E17-A735-7EA3AF16E645}.Release|Any CPU.ActiveCfg = Release|Any CPU
		{C86BFD85-9329-4E17-A735-7EA3AF16E645}.Release|Any CPU.Build.0 = Release|Any CPU
		{5EF7322D-1D85-4EEA-9D57-32D2CBAA48C4}.Debug|Any CPU.ActiveCfg = Debug|Any CPU
		{5EF7322D-1D85-4EEA-9D57-32D2CBAA48C4}.Debug|Any CPU.Build.0 = Debug|Any CPU
		{5EF7322D-1D85-4EEA-9D57-32D2CBAA48C4}.Release|Any CPU.ActiveCfg = Release|Any CPU
		{5EF7322D-1D85-4EEA-9D57-32D2CBAA48C4}.Release|Any CPU.Build.0 = Release|Any CPU
	EndGlobalSection
	GlobalSection(SolutionProperties) = preSolution
		HideSolutionNode = FALSE
	EndGlobalSection
	GlobalSection(ExtensibilityGlobals) = postSolution
		SolutionGuid = {07C920D7-5B52-4085-90BD-C36C2456AD33}
	EndGlobalSection
EndGlobal
